
Microsoft Visual Studio Solution File, Format Version 12.00
# Visual Studio Version 16
VisualStudioVersion = 16.0.30011.22
MinimumVisualStudioVersion = 10.0.40219.1
Project("{FAE04EC0-301F-11D3-BF4B-00C04F79EFBC}") = "BookSwagonTesting", "BookSwagonTesting\BookSwagonTesting.csproj", "{74CE81A0-027D-4E50-8589-F36F6B438274}"
EndProject
Global
	GlobalSection(SolutionConfigurationPlatforms) = preSolution
		Debug|Any CPU = Debug|Any CPU
		Release|Any CPU = Release|Any CPU
	EndGlobalSection
	GlobalSection(ProjectConfigurationPlatforms) = postSolution
		{74CE81A0-027D-4E50-8589-F36F6B438274}.Debug|Any CPU.ActiveCfg = Debug|Any CPU
		{74CE81A0-027D-4E50-8589-F36F6B438274}.Debug|Any CPU.Build.0 = Debug|Any CPU
		{74CE81A0-027D-4E50-8589-F36F6B438274}.Release|Any CPU.ActiveCfg = Release|Any CPU
		{74CE81A0-027D-4E50-8589-F36F6B438274}.Release|Any CPU.Build.0 = Release|Any CPU
	EndGlobalSection
	GlobalSection(SolutionProperties) = preSolution
		HideSolutionNode = FALSE
	EndGlobalSection
	GlobalSection(ExtensibilityGlobals) = postSolution
		SolutionGuid = {12E24C39-2350-460E-9B47-5827630FB980}
	EndGlobalSection
EndGlobal
